
Microsoft Visual Studio Solution File, Format Version 12.00
# Visual Studio Version 17
VisualStudioVersion = 17.0.32112.339
MinimumVisualStudioVersion = 10.0.40219.1
Project("{FAE04EC0-301F-11D3-BF4B-00C04F79EFBC}") = "PL", "PL\PL.csproj", "{2F2F8888-5319-47F2-8CC3-726948B2BE7D}"
EndProject
Project("{FAE04EC0-301F-11D3-BF4B-00C04F79EFBC}") = "DL", "DL\DL.csproj", "{37270081-13D9-4C61-8399-249137E57635}"
EndProject
Project("{FAE04EC0-301F-11D3-BF4B-00C04F79EFBC}") = "ML", "ML\ML.csproj", "{E1684E58-E8B2-40A4-84FC-5B941C2130A9}"
EndProject
Project("{FAE04EC0-301F-11D3-BF4B-00C04F79EFBC}") = "BL", "BL\BL.csproj", "{9A89C6E3-4A20-4650-AAB1-01C396A816C4}"
EndProject
Project("{FAE04EC0-301F-11D3-BF4B-00C04F79EFBC}") = "SL", "SL\SL.csproj", "{9353D81D-7AA7-473E-9843-1CAD065D8FA6}"
EndProject
Global
	GlobalSection(SolutionConfigurationPlatforms) = preSolution
		Debug|Any CPU = Debug|Any CPU
		Release|Any CPU = Release|Any CPU
	EndGlobalSection
	GlobalSection(ProjectConfigurationPlatforms) = postSolution
		{2F2F8888-5319-47F2-8CC3-726948B2BE7D}.Debug|Any CPU.ActiveCfg = Debug|Any CPU
		{2F2F8888-5319-47F2-8CC3-726948B2BE7D}.Debug|Any CPU.Build.0 = Debug|Any CPU
		{2F2F8888-5319-47F2-8CC3-726948B2BE7D}.Release|Any CPU.ActiveCfg = Release|Any CPU
		{2F2F8888-5319-47F2-8CC3-726948B2BE7D}.Release|Any CPU.Build.0 = Release|Any CPU
		{37270081-13D9-4C61-8399-249137E57635}.Debug|Any CPU.ActiveCfg = Debug|Any CPU
		{37270081-13D9-4C61-8399-249137E57635}.Debug|Any CPU.Build.0 = Debug|Any CPU
		{37270081-13D9-4C61-8399-249137E57635}.Release|Any CPU.ActiveCfg = Release|Any CPU
		{37270081-13D9-4C61-8399-249137E57635}.Release|Any CPU.Build.0 = Release|Any CPU
		{E1684E58-E8B2-40A4-84FC-5B941C2130A9}.Debug|Any CPU.ActiveCfg = Debug|Any CPU
		{E1684E58-E8B2-40A4-84FC-5B941C2130A9}.Debug|Any CPU.Build.0 = Debug|Any CPU
		{E1684E58-E8B2-40A4-84FC-5B941C2130A9}.Release|Any CPU.ActiveCfg = Release|Any CPU
		{E1684E58-E8B2-40A4-84FC-5B941C2130A9}.Release|Any CPU.Build.0 = Release|Any CPU
		{9A89C6E3-4A20-4650-AAB1-01C396A816C4}.Debug|Any CPU.ActiveCfg = Debug|Any CPU
		{9A89C6E3-4A20-4650-AAB1-01C396A816C4}.Debug|Any CPU.Build.0 = Debug|Any CPU
		{9A89C6E3-4A20-4650-AAB1-01C396A816C4}.Release|Any CPU.ActiveCfg = Release|Any CPU
		{9A89C6E3-4A20-4650-AAB1-01C396A816C4}.Release|Any CPU.Build.0 = Release|Any CPU
		{9353D81D-7AA7-473E-9843-1CAD065D8FA6}.Debug|Any CPU.ActiveCfg = Debug|Any CPU
		{9353D81D-7AA7-473E-9843-1CAD065D8FA6}.Debug|Any CPU.Build.0 = Debug|Any CPU
		{9353D81D-7AA7-473E-9843-1CAD065D8FA6}.Release|Any CPU.ActiveCfg = Release|Any CPU
		{9353D81D-7AA7-473E-9843-1CAD065D8FA6}.Release|Any CPU.Build.0 = Release|Any CPU
	EndGlobalSection
	GlobalSection(SolutionProperties) = preSolution
		HideSolutionNode = FALSE
	EndGlobalSection
	GlobalSection(ExtensibilityGlobals) = postSolution
		SolutionGuid = {BBCEEDA5-8C9A-4649-AC1F-4500AB29425F}
	EndGlobalSection
EndGlobal
